PODS:
  - SnapKit (5.0.1)
  - SwiftCoordinator (0.2.0)

DEPENDENCIES:
  - SnapKit
  - SwiftCoordinator

SPEC REPOS:
  trunk:
    - SnapKit
    - SwiftCoordinator

SPEC CHECKSUMS:
  SnapKit: 97b92857e3df3a0c71833cce143274bf6ef8e5eb
  SwiftCoordinator: ba00cc52398e10fdb3df8e0726660b3fddad4e68

PODFILE CHECKSUM: d86b771649d8fbcd049f4e59316368008273cc57

COCOAPODS: 1.10.0
